
Microsoft Visual Studio Solution File, Format Version 12.00
# Visual Studio Version 17
VisualStudioVersion = 17.11.35222.181
MinimumVisualStudioVersion = 10.0.40219.1
Project("{FAE04EC0-301F-11D3-BF4B-00C04F79EFBC}") = "DogrudanTeminParadiseAPI", "DogrudanTeminParadiseAPI\DogrudanTeminParadiseAPI.csproj", "{76A10085-1760-4BB8-903D-3A775AF8FE6B}"
EndProject
Global
	GlobalSection(SolutionConfigurationPlatforms) = preSolution
		Debug|Any CPU = Debug|Any CPU
		Release|Any CPU = Release|Any CPU
	EndGlobalSection
	GlobalSection(ProjectConfigurationPlatforms) = postSolution
		{76A10085-1760-4BB8-903D-3A775AF8FE6B}.Debug|Any CPU.ActiveCfg = Debug|Any CPU
		{76A10085-1760-4BB8-903D-3A775AF8FE6B}.Debug|Any CPU.Build.0 = Debug|Any CPU
		{76A10085-1760-4BB8-903D-3A775AF8FE6B}.Release|Any CPU.ActiveCfg = Release|Any CPU
		{76A10085-1760-4BB8-903D-3A775AF8FE6B}.Release|Any CPU.Build.0 = Release|Any CPU
	EndGlobalSection
	GlobalSection(SolutionProperties) = preSolution
		HideSolutionNode = FALSE
	EndGlobalSection
	GlobalSection(ExtensibilityGlobals) = postSolution
		SolutionGuid = {225633A1-BD83-470C-81A5-6046B98A1B1E}
	EndGlobalSection
EndGlobal
